// !$*UTF8*$!
{
	archiveVersion = 1;
	classes = {
	};
	objectVersion = 46;
	objects = {

/* Begin PBXBuildFile section */
		F42239C319F0A4B50092BCEA /* MainInterface.storyboard in Resources */ = {isa = PBXBuildFile; fileRef = F42239C219F0A4B50092BCEA /* MainInterface.storyboard */; };
		F42239C519F0A5930092BCEA /* TestViewController.swift in Sources */ = {isa = PBXBuildFile; fileRef = F42239C419F0A5930092BCEA /* TestViewController.swift */; };
		F4B8A3F519EC794700EE1EFE /* AppDelegate.swift in Sources */ = {isa = PBXBuildFile; fileRef = F4B8A3F419EC794700EE1EFE /* AppDelegate.swift */; };
		F4B8A40119EC794700EE1EFE /* LaunchScreen.xib in Resources */ = {isa = PBXBuildFile; fileRef = F4B8A3FF19EC794700EE1EFE /* LaunchScreen.xib */; };
		F4B8A41A19EC7A1D00EE1EFE /* FacebookSDK.framework in Frameworks */ = {isa = PBXBuildFile; fileRef = F4B8A41919EC7A1D00EE1EFE /* FacebookSDK.framework */; };
		F4FD7CE119F2F8A400188DBC /* AlbumCell.swift in Sources */ = {isa = PBXBuildFile; fileRef = F4FD7CE019F2F8A400188DBC /* AlbumCell.swift */; };
		F4FD7CE419F2F8D800188DBC /* Photo.swift in Sources */ = {isa = PBXBuildFile; fileRef = F4FD7CE219F2F8D800188DBC /* Photo.swift */; };
		F4FD7CE519F2F8D800188DBC /* PhotoAlbum.swift in Sources */ = {isa = PBXBuildFile; fileRef = F4FD7CE319F2F8D800188DBC /* PhotoAlbum.swift */; };
		F4FD7CE719F2F8DD00188DBC /* PhotoCell.swift in Sources */ = {isa = PBXBuildFile; fileRef = F4FD7CE619F2F8DD00188DBC /* PhotoCell.swift */; };
		F4FD7CE919F2F8EB00188DBC /* FacebookNetworking.swift in Sources */ = {isa = PBXBuildFile; fileRef = F4FD7CE819F2F8EB00188DBC /* FacebookNetworking.swift */; };
		F4FD7CEB19F2F8F900188DBC /* Assets.xcassets in Resources */ = {isa = PBXBuildFile; fileRef = F4FD7CEA19F2F8F900188DBC /* Assets.xcassets */; };
		F4FD7CED19F2F91F00188DBC /* FacebookPicker.storyboard in Resources */ = {isa = PBXBuildFile; fileRef = F4FD7CEC19F2F91F00188DBC /* FacebookPicker.storyboard */; };
		F4FD7CF419F2F95200188DBC /* AlbumListViewController.swift in Sources */ = {isa = PBXBuildFile; fileRef = F4FD7CEE19F2F95200188DBC /* AlbumListViewController.swift */; };
		F4FD7CF519F2F95200188DBC /* DSFacebookImagePicker.swift in Sources */ = {isa = PBXBuildFile; fileRef = F4FD7CEF19F2F95200188DBC /* DSFacebookImagePicker.swift */; };
		F4FD7CF619F2F95200188DBC /* FacebookNavController.swift in Sources */ = {isa = PBXBuildFile; fileRef = F4FD7CF019F2F95200188DBC /* FacebookNavController.swift */; };
		F4FD7CF719F2F95200188DBC /* MyPhotosViewController.swift in Sources */ = {isa = PBXBuildFile; fileRef = F4FD7CF119F2F95200188DBC /* MyPhotosViewController.swift */; };
		F4FD7CF819F2F95200188DBC /* PhotoCollectionViewController.swift in Sources */ = {isa = PBXBuildFile; fileRef = F4FD7CF219F2F95200188DBC /* PhotoCollectionViewController.swift */; };
		F4FD7CF919F2F95200188DBC /* PhotoDetailViewController.swift in Sources */ = {isa = PBXBuildFile; fileRef = F4FD7CF319F2F95200188DBC /* PhotoDetailViewController.swift */; };
/* End PBXBuildFile section */

/* Begin PBXFileReference section */
		F42239C219F0A4B50092BCEA /* MainInterface.storyboard */ = {isa = PBXFileReference; fileEncoding = 4; lastKnownFileType = file.storyboard; path = MainInterface.storyboard; sourceTree = "<group>"; };
		F42239C419F0A5930092BCEA /* TestViewController.swift */ = {isa = PBXFileReference; fileEncoding = 4; lastKnownFileType = sourcecode.swift; path = TestViewController.swift; sourceTree = "<group>"; };
		F4B8A3EF19EC794700EE1EFE /* DSFacebookImagePicker.app */ = {isa = PBXFileReference; explicitFileType = wrapper.application; includeInIndex = 0; path = DSFacebookImagePicker.app; sourceTree = BUILT_PRODUCTS_DIR; };
		F4B8A3F319EC794700EE1EFE /* Info.plist */ = {isa = PBXFileReference; lastKnownFileType = text.plist.xml; path = Info.plist; sourceTree = "<group>"; };
		F4B8A3F419EC794700EE1EFE /* AppDelegate.swift */ = {isa = PBXFileReference; lastKnownFileType = sourcecode.swift; path = AppDelegate.swift; sourceTree = "<group>"; };
		F4B8A40019EC794700EE1EFE /* Base */ = {isa = PBXFileReference; lastKnownFileType = file.xib; name = Base; path = Base.lproj/LaunchScreen.xib; sourceTree = "<group>"; };
		F4B8A41819EC79C500EE1EFE /* BridgingHeader.h */ = {isa = PBXFileReference; lastKnownFileType = sourcecode.c.h; path = BridgingHeader.h; sourceTree = "<group>"; };
		F4B8A41919EC7A1D00EE1EFE /* FacebookSDK.framework */ = {isa = PBXFileReference; lastKnownFileType = wrapper.framework; path = FacebookSDK.framework; sourceTree = "<group>"; };
		F4FD7CE019F2F8A400188DBC /* AlbumCell.swift */ = {isa = PBXFileReference; fileEncoding = 4; lastKnownFileType = sourcecode.swift; name = AlbumCell.swift; path = Source/AlbumCell.swift; sourceTree = SOURCE_ROOT; };
		F4FD7CE219F2F8D800188DBC /* Photo.swift */ = {isa = PBXFileReference; fileEncoding = 4; lastKnownFileType = sourcecode.swift; name = Photo.swift; path = Source/Photo.swift; sourceTree = SOURCE_ROOT; };
		F4FD7CE319F2F8D800188DBC /* PhotoAlbum.swift */ = {isa = PBXFileReference; fileEncoding = 4; lastKnownFileType = sourcecode.swift; name = PhotoAlbum.swift; path = Source/PhotoAlbum.swift; sourceTree = SOURCE_ROOT; };
		F4FD7CE619F2F8DD00188DBC /* PhotoCell.swift */ = {isa = PBXFileReference; fileEncoding = 4; lastKnownFileType = sourcecode.swift; name = PhotoCell.swift; path = Source/PhotoCell.swift; sourceTree = SOURCE_ROOT; };
		F4FD7CE819F2F8EB00188DBC /* FacebookNetworking.swift */ = {isa = PBXFileReference; fileEncoding = 4; lastKnownFileType = sourcecode.swift; name = FacebookNetworking.swift; path = Source/FacebookNetworking.swift; sourceTree = SOURCE_ROOT; };
		F4FD7CEA19F2F8F900188DBC /* Assets.xcassets */ = {isa = PBXFileReference; lastKnownFileType = folder.assetcatalog; name = Assets.xcassets; path = Source/Assets.xcassets; sourceTree = SOURCE_ROOT; };
		F4FD7CEC19F2F91F00188DBC /* FacebookPicker.storyboard */ = {isa = PBXFileReference; fileEncoding = 4; lastKnownFileType = file.storyboard; name = FacebookPicker.storyboard; path = Source/FacebookPicker.storyboard; sourceTree = SOURCE_ROOT; };
		F4FD7CEE19F2F95200188DBC /* AlbumListViewController.swift */ = {isa = PBXFileReference; fileEncoding = 4; lastKnownFileType = sourcecode.swift; name = AlbumListViewController.swift; path = Source/AlbumListViewController.swift; sourceTree = SOURCE_ROOT; };
		F4FD7CEF19F2F95200188DBC /* DSFacebookImagePicker.swift */ = {isa = PBXFileReference; fileEncoding = 4; lastKnownFileType = sourcecode.swift; name = DSFacebookImagePicker.swift; path = Source/DSFacebookImagePicker.swift; sourceTree = SOURCE_ROOT; };
		F4FD7CF019F2F95200188DBC /* FacebookNavController.swift */ = {isa = PBXFileReference; fileEncoding = 4; lastKnownFileType = sourcecode.swift; name = FacebookNavController.swift; path = Source/FacebookNavController.swift; sourceTree = SOURCE_ROOT; };
		F4FD7CF119F2F95200188DBC /* MyPhotosViewController.swift */ = {isa = PBXFileReference; fileEncoding = 4; lastKnownFileType = sourcecode.swift; name = MyPhotosViewController.swift; path = Source/MyPhotosViewController.swift; sourceTree = SOURCE_ROOT; };
		F4FD7CF219F2F95200188DBC /* PhotoCollectionViewController.swift */ = {isa = PBXFileReference; fileEncoding = 4; lastKnownFileType = sourcecode.swift; name = PhotoCollectionViewController.swift; path = Source/PhotoCollectionViewController.swift; sourceTree = SOURCE_ROOT; };
		F4FD7CF319F2F95200188DBC /* PhotoDetailViewController.swift */ = {isa = PBXFileReference; fileEncoding = 4; lastKnownFileType = sourcecode.swift; name = PhotoDetailViewController.swift; path = Source/PhotoDetailViewController.swift; sourceTree = SOURCE_ROOT; };
/* End PBXFileReference section */

/* Begin PBXFrameworksBuildPhase section */
		F4B8A3EC19EC794700EE1EFE /* Frameworks */ = {
			isa = PBXFrameworksBuildPhase;
			buildActionMask = 2147483647;
			files = (
				F4B8A41A19EC7A1D00EE1EFE /* FacebookSDK.framework in Frameworks */,
			);
			runOnlyForDeploymentPostprocessing = 0;
		};
/* End PBXFrameworksBuildPhase section */

/* Begin PBXGroup section */
		F43D357E19F0E37A006379D1 /* DSFacebookImagePicker */ = {
			isa = PBXGroup;
			children = (
				F43D358019F0E3A8006379D1 /* Models */,
				F43D358119F0E3B4006379D1 /* Views */,
				F43D357F19F0E395006379D1 /* Controllers */,
				F4FD7CE819F2F8EB00188DBC /* FacebookNetworking.swift */,
				F4FD7CEA19F2F8F900188DBC /* Assets.xcassets */,
				F4FD7CEC19F2F91F00188DBC /* FacebookPicker.storyboard */,
			);
			name = DSFacebookImagePicker;
			sourceTree = "<group>";
		};
		F43D357F19F0E395006379D1 /* Controllers */ = {
			isa = PBXGroup;
			children = (
				F4FD7CEF19F2F95200188DBC /* DSFacebookImagePicker.swift */,
				F4FD7CEE19F2F95200188DBC /* AlbumListViewController.swift */,
				F4FD7CF119F2F95200188DBC /* MyPhotosViewController.swift */,
				F4FD7CF219F2F95200188DBC /* PhotoCollectionViewController.swift */,
				F4FD7CF319F2F95200188DBC /* PhotoDetailViewController.swift */,
				F4FD7CF019F2F95200188DBC /* FacebookNavController.swift */,
			);
			name = Controllers;
			sourceTree = "<group>";
		};
		F43D358019F0E3A8006379D1 /* Models */ = {
			isa = PBXGroup;
			children = (
				F4FD7CE219F2F8D800188DBC /* Photo.swift */,
				F4FD7CE319F2F8D800188DBC /* PhotoAlbum.swift */,
			);
			name = Models;
			sourceTree = "<group>";
		};
		F43D358119F0E3B4006379D1 /* Views */ = {
			isa = PBXGroup;
			children = (
				F4FD7CE019F2F8A400188DBC /* AlbumCell.swift */,
				F4FD7CE619F2F8DD00188DBC /* PhotoCell.swift */,
			);
			name = Views;
			sourceTree = "<group>";
		};
		F4B8A3E619EC794700EE1EFE = {
			isa = PBXGroup;
			children = (
				F4B8A3F119EC794700EE1EFE /* DSFacebookImagePicker */,
				F4B8A3F019EC794700EE1EFE /* Products */,
			);
			sourceTree = "<group>";
		};
		F4B8A3F019EC794700EE1EFE /* Products */ = {
			isa = PBXGroup;
			children = (
				F4B8A3EF19EC794700EE1EFE /* DSFacebookImagePicker.app */,
			);
			name = Products;
			sourceTree = "<group>";
		};
		F4B8A3F119EC794700EE1EFE /* DSFacebookImagePicker */ = {
			isa = PBXGroup;
			children = (
				F43D357E19F0E37A006379D1 /* DSFacebookImagePicker */,
				F4B8A3F419EC794700EE1EFE /* AppDelegate.swift */,
				F42239C219F0A4B50092BCEA /* MainInterface.storyboard */,
				F4B8A3FF19EC794700EE1EFE /* LaunchScreen.xib */,
				F4B8A41819EC79C500EE1EFE /* BridgingHeader.h */,
				F42239C419F0A5930092BCEA /* TestViewController.swift */,
				F4B8A41919EC7A1D00EE1EFE /* FacebookSDK.framework */,
				F4B8A3F219EC794700EE1EFE /* Supporting Files */,
			);
			path = DSFacebookImagePicker;
			sourceTree = "<group>";
		};
		F4B8A3F219EC794700EE1EFE /* Supporting Files */ = {
			isa = PBXGroup;
			children = (
				F4B8A3F319EC794700EE1EFE /* Info.plist */,
			);
			name = "Supporting Files";
			sourceTree = "<group>";
		};
/* End PBXGroup section */

/* Begin PBXNativeTarget section */
		F4B8A3EE19EC794700EE1EFE /* DSFacebookImagePicker */ = {
			isa = PBXNativeTarget;
			buildConfigurationList = F4B8A41019EC794700EE1EFE /* Build configuration list for PBXNativeTarget "DSFacebookImagePicker" */;
			buildPhases = (
				F4B8A3EB19EC794700EE1EFE /* Sources */,
				F4B8A3EC19EC794700EE1EFE /* Frameworks */,
				F4B8A3ED19EC794700EE1EFE /* Resources */,
			);
			buildRules = (
			);
			dependencies = (
			);
			name = DSFacebookImagePicker;
			productName = DSFacebookImagePicker;
			productReference = F4B8A3EF19EC794700EE1EFE /* DSFacebookImagePicker.app */;
			productType = "com.apple.product-type.application";
		};
/* End PBXNativeTarget section */

/* Begin PBXProject section */
		F4B8A3E719EC794700EE1EFE /* Project object */ = {
			isa = PBXProject;
			attributes = {
				LastUpgradeCheck = 0600;
				ORGANIZATIONNAME = Sanche;
				TargetAttributes = {
					F4B8A3EE19EC794700EE1EFE = {
						CreatedOnToolsVersion = 6.0.1;
					};
				};
			};
			buildConfigurationList = F4B8A3EA19EC794700EE1EFE /* Build configuration list for PBXProject "DSFacebookImagePicker" */;
			compatibilityVersion = "Xcode 3.2";
			developmentRegion = English;
			hasScannedForEncodings = 0;
			knownRegions = (
				en,
				Base,
			);
			mainGroup = F4B8A3E619EC794700EE1EFE;
			productRefGroup = F4B8A3F019EC794700EE1EFE /* Products */;
			projectDirPath = "";
			projectRoot = "";
			targets = (
				F4B8A3EE19EC794700EE1EFE /* DSFacebookImagePicker */,
			);
		};
/* End PBXProject section */

/* Begin PBXResourcesBuildPhase section */
		F4B8A3ED19EC794700EE1EFE /* Resources */ = {
			isa = PBXResourcesBuildPhase;
			buildActionMask = 2147483647;
			files = (
				F42239C319F0A4B50092BCEA /* MainInterface.storyboard in Resources */,
				F4B8A40119EC794700EE1EFE /* LaunchScreen.xib in Resources */,
				F4FD7CED19F2F91F00188DBC /* FacebookPicker.storyboard in Resources */,
				F4FD7CEB19F2F8F900188DBC /* Assets.xcassets in Resources */,
			);
			runOnlyForDeploymentPostprocessing = 0;
		};
/* End PBXResourcesBuildPhase section */

/* Begin PBXSourcesBuildPhase section */
		F4B8A3EB19EC794700EE1EFE /* Sources */ = {
			isa = PBXSourcesBuildPhase;
			buildActionMask = 2147483647;
			files = (
				F4FD7CE719F2F8DD00188DBC /* PhotoCell.swift in Sources */,
				F4FD7CF919F2F95200188DBC /* PhotoDetailViewController.swift in Sources */,
				F4FD7CE419F2F8D800188DBC /* Photo.swift in Sources */,
				F4FD7CE119F2F8A400188DBC /* AlbumCell.swift in Sources */,
				F42239C519F0A5930092BCEA /* TestViewController.swift in Sources */,
				F4FD7CF719F2F95200188DBC /* MyPhotosViewController.swift in Sources */,
				F4FD7CF419F2F95200188DBC /* AlbumListViewController.swift in Sources */,
				F4FD7CF619F2F95200188DBC /* FacebookNavController.swift in Sources */,
				F4B8A3F519EC794700EE1EFE /* AppDelegate.swift in Sources */,
				F4FD7CF819F2F95200188DBC /* PhotoCollectionViewController.swift in Sources */,
				F4FD7CF519F2F95200188DBC /* DSFacebookImagePicker.swift in Sources */,
				F4FD7CE519F2F8D800188DBC /* PhotoAlbum.swift in Sources */,
				F4FD7CE919F2F8EB00188DBC /* FacebookNetworking.swift in Sources */,
			);
			runOnlyForDeploymentPostprocessing = 0;
		};
/* End PBXSourcesBuildPhase section */

/* Begin PBXVariantGroup section */
		F4B8A3FF19EC794700EE1EFE /* LaunchScreen.xib */ = {
			isa = PBXVariantGroup;
			children = (
				F4B8A40019EC794700EE1EFE /* Base */,
			);
			name = LaunchScreen.xib;
			sourceTree = "<group>";
		};
/* End PBXVariantGroup section */

/* Begin XCBuildConfiguration section */
		F4B8A40E19EC794700EE1EFE /* Debug */ = {
			isa = XCBuildConfiguration;
			buildSettings = {
				ALWAYS_SEARCH_USER_PATHS = NO;
				CLANG_CXX_LANGUAGE_STANDARD = "gnu++0x";
				CLANG_CXX_LIBRARY = "libc++";
				CLANG_ENABLE_MODULES = YES;
				CLANG_ENABLE_OBJC_ARC = YES;
				CLANG_WARN_BOOL_CONVERSION = YES;
				CLANG_WARN_CONSTANT_CONVERSION = YES;
				CLANG_WARN_DIRECT_OBJC_ISA_USAGE = YES_ERROR;
				CLANG_WARN_EMPTY_BODY = YES;
				CLANG_WARN_ENUM_CONVERSION = YES;
				CLANG_WARN_INT_CONVERSION = YES;
				CLANG_WARN_OBJC_ROOT_CLASS = YES_ERROR;
				CLANG_WARN_UNREACHABLE_CODE = YES;
				CLANG_WARN__DUPLICATE_METHOD_MATCH = YES;
				"CODE_SIGN_IDENTITY[sdk=iphoneos*]" = "iPhone Developer";
				COPY_PHASE_STRIP = NO;
				ENABLE_STRICT_OBJC_MSGSEND = YES;
				GCC_C_LANGUAGE_STANDARD = gnu99;
				GCC_DYNAMIC_NO_PIC = NO;
				GCC_OPTIMIZATION_LEVEL = 0;
				GCC_PREPROCESSOR_DEFINITIONS = (
					"DEBUG=1",
					"$(inherited)",
				);
				GCC_SYMBOLS_PRIVATE_EXTERN = NO;
				GCC_WARN_64_TO_32_BIT_CONVERSION = YES;
				GCC_WARN_ABOUT_RETURN_TYPE = YES_ERROR;
				GCC_WARN_UNDECLARED_SELECTOR = YES;
				GCC_WARN_UNINITIALIZED_AUTOS = YES_AGGRESSIVE;
				GCC_WARN_UNUSED_FUNCTION = YES;
				GCC_WARN_UNUSED_VARIABLE = YES;
				IPHONEOS_DEPLOYMENT_TARGET = 8.0;
				MTL_ENABLE_DEBUG_INFO = YES;
				ONLY_ACTIVE_ARCH = YES;
				SDKROOT = iphoneos;
				SWIFT_OPTIMIZATION_LEVEL = "-Onone";
				TARGETED_DEVICE_FAMILY = "1,2";
			};
			name = Debug;
		};
		F4B8A40F19EC794700EE1EFE /* Release */ = {
			isa = XCBuildConfiguration;
			buildSettings = {
				ALWAYS_SEARCH_USER_PATHS = NO;
				CLANG_CXX_LANGUAGE_STANDARD = "gnu++0x";
				CLANG_CXX_LIBRARY = "libc++";
				CLANG_ENABLE_MODULES = YES;
				CLANG_ENABLE_OBJC_ARC = YES;
				CLANG_WARN_BOOL_CONVERSION = YES;
				CLANG_WARN_CONSTANT_CONVERSION = YES;
				CLANG_WARN_DIRECT_OBJC_ISA_USAGE = YES_ERROR;
				CLANG_WARN_EMPTY_BODY = YES;
				CLANG_WARN_ENUM_CONVERSION = YES;
				CLANG_WARN_INT_CONVERSION = YES;
				CLANG_WARN_OBJC_ROOT_CLASS = YES_ERROR;
				CLANG_WARN_UNREACHABLE_CODE = YES;
				CLANG_WARN__DUPLICATE_METHOD_MATCH = YES;
				"CODE_SIGN_IDENTITY[sdk=iphoneos*]" = "iPhone Developer";
				COPY_PHASE_STRIP = YES;
				ENABLE_NS_ASSERTIONS = NO;
				ENABLE_STRICT_OBJC_MSGSEND = YES;
				GCC_C_LANGUAGE_STANDARD = gnu99;
				GCC_WARN_64_TO_32_BIT_CONVERSION = YES;
				GCC_WARN_ABOUT_RETURN_TYPE = YES_ERROR;
				GCC_WARN_UNDECLARED_SELECTOR = YES;
				GCC_WARN_UNINITIALIZED_AUTOS = YES_AGGRESSIVE;
				GCC_WARN_UNUSED_FUNCTION = YES;
				GCC_WARN_UNUSED_VARIABLE = YES;
				IPHONEOS_DEPLOYMENT_TARGET = 8.0;
				MTL_ENABLE_DEBUG_INFO = NO;
				SDKROOT = iphoneos;
				TARGETED_DEVICE_FAMILY = "1,2";
				VALIDATE_PRODUCT = YES;
			};
			name = Release;
		};
		F4B8A41119EC794700EE1EFE /* Debug */ = {
			isa = XCBuildConfiguration;
			buildSettings = {
				FRAMEWORK_SEARCH_PATHS = (
					"$(inherited)",
					"$(PROJECT_DIR)/DSFacebookImagePicker",
				);
				INFOPLIST_FILE = DSFacebookImagePicker/Info.plist;
				IPHONEOS_DEPLOYMENT_TARGET = 7.0;
				LD_RUNPATH_SEARCH_PATHS = "$(inherited) @executable_path/Frameworks";
				PRODUCT_NAME = "$(TARGET_NAME)";
				SWIFT_OBJC_BRIDGING_HEADER = DSFacebookImagePicker/BridgingHeader.h;
			};
			name = Debug;
		};
		F4B8A41219EC794700EE1EFE /* Release */ = {
			isa = XCBuildConfiguration;
			buildSettings = {
				FRAMEWORK_SEARCH_PATHS = (
					"$(inherited)",
					"$(PROJECT_DIR)/DSFacebookImagePicker",
				);
				INFOPLIST_FILE = DSFacebookImagePicker/Info.plist;
				IPHONEOS_DEPLOYMENT_TARGET = 7.0;
				LD_RUNPATH_SEARCH_PATHS = "$(inherited) @executable_path/Frameworks";
				PRODUCT_NAME = "$(TARGET_NAME)";
				SWIFT_OBJC_BRIDGING_HEADER = DSFacebookImagePicker/BridgingHeader.h;
			};
			name = Release;
		};
/* End XCBuildConfiguration section */

/* Begin XCConfigurationList section */
		F4B8A3EA19EC794700EE1EFE /* Build configuration list for PBXProject "DSFacebookImagePicker" */ = {
			isa = XCConfigurationList;
			buildConfigurations = (
				F4B8A40E19EC794700EE1EFE /* Debug */,
				F4B8A40F19EC794700EE1EFE /* Release */,
			);
			defaultConfigurationIsVisible = 0;
			defaultConfigurationName = Release;
		};
		F4B8A41019EC794700EE1EFE /* Build configuration list for PBXNativeTarget "DSFacebookImagePicker" */ = {
			isa = XCConfigurationList;
			buildConfigurations = (
				F4B8A41119EC794700EE1EFE /* Debug */,
				F4B8A41219EC794700EE1EFE /* Release */,
			);
			defaultConfigurationIsVisible = 0;
			defaultConfigurationName = Release;
		};
/* End XCConfigurationList section */
	};
	rootObject = F4B8A3E719EC794700EE1EFE /* Project object */;
}
